
Microsoft Visual Studio Solution File, Format Version 12.00
# Visual Studio 15
Project("{FAE04EC0-301F-11D3-BF4B-00C04F79EFBC}") = "UnityEngine.UI", "UnityEngine.UI.csproj", "{AD27C817-75B8-7644-ED95-EAA0891039E7}"
EndProject
Project("{FAE04EC0-301F-11D3-BF4B-00C04F79EFBC}") = "UnityEngine.TestRunner", "UnityEngine.TestRunner.csproj", "{EC12C4AB-FDE5-C985-B660-26DCD337644C}"
EndProject
Project("{FAE04EC0-301F-11D3-BF4B-00C04F79EFBC}") = "Unity.InputSystem", "Unity.InputSystem.csproj", "{F091D86D-0085-EB48-9896-3736C6402A3D}"
EndProject
Project("{FAE04EC0-301F-11D3-BF4B-00C04F79EFBC}") = "UnityEngine.XR.LegacyInputHelpers", "UnityEngine.XR.LegacyInputHelpers.csproj", "{4EE6525E-A416-14EB-557D-031D8D3A7A9D}"
EndProject
Project("{FAE04EC0-301F-11D3-BF4B-00C04F79EFBC}") = "Unity.XR.ARSubsystems", "Unity.XR.ARSubsystems.csproj", "{2EBA27E6-0EAC-35CF-1DE5-967792782555}"
EndProject
Project("{FAE04EC0-301F-11D3-BF4B-00C04F79EFBC}") = "Unity.XR.ARFoundation", "Unity.XR.ARFoundation.csproj", "{6098923A-6325-7628-7E09-69BCD29A3B5E}"
EndProject
Project("{FAE04EC0-301F-11D3-BF4B-00C04F79EFBC}") = "Unity.Timeline", "Unity.Timeline.csproj", "{F66F52E7-8C08-D03D-0FAC-C0812974C817}"
EndProject
Project("{FAE04EC0-301F-11D3-BF4B-00C04F79EFBC}") = "Unity.XR.ARCore", "Unity.XR.ARCore.csproj", "{3D9E5E8B-3AF8-CEF6-D47E-EBFF3CF21F9E}"
EndProject
Project("{FAE04EC0-301F-11D3-BF4B-00C04F79EFBC}") = "Unity.ProBuilder", "Unity.ProBuilder.csproj", "{3F2FC401-52D7-6D5B-0180-544E44EF6D7B}"
EndProject
Project("{FAE04EC0-301F-11D3-BF4B-00C04F79EFBC}") = "Unity.TextMeshPro", "Unity.TextMeshPro.csproj", "{25766188-D7E7-2668-7DD9-F27A930CFBE3}"
EndProject
Project("{FAE04EC0-301F-11D3-BF4B-00C04F79EFBC}") = "Main", "Main.csproj", "{025EFB26-EF2A-4E89-7A2B-5D4CC8860B86}"
EndProject
Project("{FAE04EC0-301F-11D3-BF4B-00C04F79EFBC}") = "Unity.ProBuilder.Poly2Tri", "Unity.ProBuilder.Poly2Tri.csproj", "{641BE4FB-4E55-0729-73C7-6C7086423B8D}"
EndProject
Project("{FAE04EC0-301F-11D3-BF4B-00C04F79EFBC}") = "Tests", "Tests.csproj", "{66AE97C1-8159-5548-25B8-EB80F2D3C8D4}"
EndProject
Project("{FAE04EC0-301F-11D3-BF4B-00C04F79EFBC}") = "Assembly-CSharp", "Assembly-CSharp.csproj", "{EC9D88E0-F3C7-5FDC-BE39-77AB7405426E}"
EndProject
Project("{FAE04EC0-301F-11D3-BF4B-00C04F79EFBC}") = "Unity.XR.Management", "Unity.XR.Management.csproj", "{8F4A5BA8-E1DF-2361-8E70-4926F5F9F72C}"
EndProject
Project("{FAE04EC0-301F-11D3-BF4B-00C04F79EFBC}") = "Unity.ProBuilder.Csg", "Unity.ProBuilder.Csg.csproj", "{B7356D2C-8B88-CEA0-CCCF-1F9E49F20417}"
EndProject
Project("{FAE04EC0-301F-11D3-BF4B-00C04F79EFBC}") = "Unity.ProBuilder.KdTree", "Unity.ProBuilder.KdTree.csproj", "{18412912-6339-EEB0-5552-A4D2737CADE0}"
EndProject
Project("{FAE04EC0-301F-11D3-BF4B-00C04F79EFBC}") = "Unity.ProBuilder.Stl", "Unity.ProBuilder.Stl.csproj", "{DED84A3B-359F-E147-3F9D-52ABA6B08F61}"
EndProject
Project("{FAE04EC0-301F-11D3-BF4B-00C04F79EFBC}") = "Unity.Subsystem.Registration", "Unity.Subsystem.Registration.csproj", "{2EAD09D6-19D8-43DF-20F4-6EA8A741146B}"
EndProject
Project("{FAE04EC0-301F-11D3-BF4B-00C04F79EFBC}") = "UnityEngine.SpatialTracking", "UnityEngine.SpatialTracking.csproj", "{FCE7FACA-8DAF-2DF1-C2DB-9C6E7B93A76E}"
EndProject
Project("{FAE04EC0-301F-11D3-BF4B-00C04F79EFBC}") = "Unity.XR.Management.Editor", "Unity.XR.Management.Editor.csproj", "{CEB99CE5-0650-3F02-B23D-76296F967BF1}"
EndProject
Project("{FAE04EC0-301F-11D3-BF4B-00C04F79EFBC}") = "UnityEditor.TestRunner", "UnityEditor.TestRunner.csproj", "{5CBD6065-C7FF-C10F-6755-83BD84AB7897}"
EndProject
Project("{FAE04EC0-301F-11D3-BF4B-00C04F79EFBC}") = "Unity.ProBuilder.Editor", "Unity.ProBuilder.Editor.csproj", "{F472D0D0-969E-8B3A-19F5-3F0AD8F5FDD7}"
EndProject
Project("{FAE04EC0-301F-11D3-BF4B-00C04F79EFBC}") = "UnityEditor.UI", "UnityEditor.UI.csproj", "{6F032022-03CA-A2D8-0890-DD8C7A85069E}"
EndProject
Project("{FAE04EC0-301F-11D3-BF4B-00C04F79EFBC}") = "Unity.Timeline.Editor", "Unity.Timeline.Editor.csproj", "{3A8479AE-DB00-5D08-14CF-5B589B0CB17F}"
EndProject
Project("{FAE04EC0-301F-11D3-BF4B-00C04F79EFBC}") = "Unity.VisualStudio.Editor", "Unity.VisualStudio.Editor.csproj", "{A2E40E90-2D8C-582F-38BD-422B37B592FD}"
EndProject
Project("{FAE04EC0-301F-11D3-BF4B-00C04F79EFBC}") = "Unity.XR.ARFoundation.Editor", "Unity.XR.ARFoundation.Editor.csproj", "{7B159EE1-3010-1102-8CC5-00CB1BB903B2}"
EndProject
Project("{FAE04EC0-301F-11D3-BF4B-00C04F79EFBC}") = "Unity.TextMeshPro.Editor", "Unity.TextMeshPro.Editor.csproj", "{335DF2F0-C7A0-D018-6AB0-DD54AC19250F}"
EndProject
Project("{FAE04EC0-301F-11D3-BF4B-00C04F79EFBC}") = "Unity.CollabProxy.Editor", "Unity.CollabProxy.Editor.csproj", "{BD3502EE-D20B-1026-64AE-5ED65B947154}"
EndProject
Project("{FAE04EC0-301F-11D3-BF4B-00C04F79EFBC}") = "Unity.Mobile.AndroidLogcat.Editor", "Unity.Mobile.AndroidLogcat.Editor.csproj", "{557931ED-21E6-116C-D59F-4977455574D6}"
EndProject
Project("{FAE04EC0-301F-11D3-BF4B-00C04F79EFBC}") = "Unity.Rider.Editor", "Unity.Rider.Editor.csproj", "{D5F7233C-38C6-97DE-F0E5-EEF474B981C5}"
EndProject
Project("{FAE04EC0-301F-11D3-BF4B-00C04F79EFBC}") = "UnityEditor.XR.LegacyInputHelpers", "UnityEditor.XR.LegacyInputHelpers.csproj", "{F3C150A1-66D2-CB3F-ADA8-45FCF5EE1059}"
EndProject
Project("{FAE04EC0-301F-11D3-BF4B-00C04F79EFBC}") = "Unity.VSCode.Editor", "Unity.VSCode.Editor.csproj", "{7820B588-F696-FEBE-999C-D28C19FF5A06}"
EndProject
Project("{FAE04EC0-301F-11D3-BF4B-00C04F79EFBC}") = "Unity.ProBuilder.AssetIdRemapUtility", "Unity.ProBuilder.AssetIdRemapUtility.csproj", "{B6619849-7260-FB35-370F-C78D485FD079}"
EndProject
Project("{FAE04EC0-301F-11D3-BF4B-00C04F79EFBC}") = "Unity.Settings.Editor", "Unity.Settings.Editor.csproj", "{A820A830-CBA5-10AD-AFDA-CD04E25FEFBA}"
EndProject
Project("{FAE04EC0-301F-11D3-BF4B-00C04F79EFBC}") = "UnityEditor.SpatialTracking", "UnityEditor.SpatialTracking.csproj", "{8A73B696-C13B-71BF-B1CF-9C0E85CC7107}"
EndProject
Project("{FAE04EC0-301F-11D3-BF4B-00C04F79EFBC}") = "Unity.XR.ARCore.Editor", "Unity.XR.ARCore.Editor.csproj", "{526DACAE-577A-76C1-DF43-14005DA80B59}"
EndProject
Project("{FAE04EC0-301F-11D3-BF4B-00C04F79EFBC}") = "Unity.XR.ARSubsystems.Editor", "Unity.XR.ARSubsystems.Editor.csproj", "{1497FACF-03BB-9662-E1F9-3A73019DAE55}"
EndProject
Project("{FAE04EC0-301F-11D3-BF4B-00C04F79EFBC}") = "Unity.InternalAPIEditorBridge.005", "Unity.InternalAPIEditorBridge.005.csproj", "{5842A4C9-DB36-2A4E-09F5-6B530807837B}"
EndProject
Project("{FAE04EC0-301F-11D3-BF4B-00C04F79EFBC}") = "Unity.ProBuilder.AddOns.Editor", "Unity.ProBuilder.AddOns.Editor.csproj", "{2A8E5586-CA92-D5F7-0AC7-30E045926776}"
EndProject
Project("{FAE04EC0-301F-11D3-BF4B-00C04F79EFBC}") = "Assembly-CSharp-Editor-firstpass", "Assembly-CSharp-Editor-firstpass.csproj", "{93E0D3A4-5E6A-9E88-0167-4D5998AB490D}"
EndProject
Project("{FAE04EC0-301F-11D3-BF4B-00C04F79EFBC}") = "UnityEngine.UI", "UnityEngine.UI.Player.csproj", "{AE38A4FA-0898-8F73-6D65-B4A9D0BDA3C7}"
EndProject
Project("{FAE04EC0-301F-11D3-BF4B-00C04F79EFBC}") = "UnityEngine.TestRunner", "UnityEngine.TestRunner.Player.csproj", "{24DD3652-2773-1F81-ECCA-93E98F78C729}"
EndProject
Project("{FAE04EC0-301F-11D3-BF4B-00C04F79EFBC}") = "Unity.InputSystem", "Unity.InputSystem.Player.csproj", "{84761D47-C771-9286-DB7E-4AB11243E9C2}"
EndProject
Project("{FAE04EC0-301F-11D3-BF4B-00C04F79EFBC}") = "UnityEngine.XR.LegacyInputHelpers", "UnityEngine.XR.LegacyInputHelpers.Player.csproj", "{E1719844-0160-9D9A-AF27-7903D877ACE2}"
EndProject
Project("{FAE04EC0-301F-11D3-BF4B-00C04F79EFBC}") = "Unity.XR.ARSubsystems", "Unity.XR.ARSubsystems.Player.csproj", "{F5DB1CBB-60E4-CDF0-6D53-318A5B69F7C5}"
EndProject
Project("{FAE04EC0-301F-11D3-BF4B-00C04F79EFBC}") = "Unity.XR.ARFoundation", "Unity.XR.ARFoundation.Player.csproj", "{4DEC92A0-F25D-DDCA-215D-7A31FB61D0B0}"
EndProject
Project("{FAE04EC0-301F-11D3-BF4B-00C04F79EFBC}") = "Unity.Timeline", "Unity.Timeline.Player.csproj", "{B22CB648-F728-5B16-83D8-9E68C908B940}"
EndProject
Project("{FAE04EC0-301F-11D3-BF4B-00C04F79EFBC}") = "Unity.XR.ARCore", "Unity.XR.ARCore.Player.csproj", "{88A23BC2-40DF-0364-2E44-D50E53F116DC}"
EndProject
Project("{FAE04EC0-301F-11D3-BF4B-00C04F79EFBC}") = "Unity.ProBuilder", "Unity.ProBuilder.Player.csproj", "{27C2B192-3CBB-BBD3-303F-8685C6E6AFD2}"
EndProject
Project("{FAE04EC0-301F-11D3-BF4B-00C04F79EFBC}") = "Unity.TextMeshPro", "Unity.TextMeshPro.Player.csproj", "{A86AEEB5-33F8-2A73-5844-706C3FEE7502}"
EndProject
Project("{FAE04EC0-301F-11D3-BF4B-00C04F79EFBC}") = "Main", "Main.Player.csproj", "{9ECA918C-91F5-D320-86E3-7EBAD103F894}"
EndProject
Project("{FAE04EC0-301F-11D3-BF4B-00C04F79EFBC}") = "Unity.ProBuilder.Poly2Tri", "Unity.ProBuilder.Poly2Tri.Player.csproj", "{24486FC1-8731-DFDF-7F4C-52F2F74B1227}"
EndProject
Project("{FAE04EC0-301F-11D3-BF4B-00C04F79EFBC}") = "Tests", "Tests.Player.csproj", "{B0942634-786B-FF45-F717-4A7B86AD0FE4}"
EndProject
Project("{FAE04EC0-301F-11D3-BF4B-00C04F79EFBC}") = "Assembly-CSharp", "Assembly-CSharp.Player.csproj", "{66C480E1-2F31-4373-117D-2BF73D8CB5C2}"
EndProject
Project("{FAE04EC0-301F-11D3-BF4B-00C04F79EFBC}") = "Unity.XR.Management", "Unity.XR.Management.Player.csproj", "{9A5A8816-E293-7462-68D1-10C405F4307E}"
EndProject
Project("{FAE04EC0-301F-11D3-BF4B-00C04F79EFBC}") = "Unity.ProBuilder.Csg", "Unity.ProBuilder.Csg.Player.csproj", "{C2126370-6D9F-4F3E-6A52-8FEF64342B4C}"
EndProject
Project("{FAE04EC0-301F-11D3-BF4B-00C04F79EFBC}") = "Unity.ProBuilder.KdTree", "Unity.ProBuilder.KdTree.Player.csproj", "{99C86D29-E08C-5C84-0DF8-3C36EE1E937E}"
EndProject
Project("{FAE04EC0-301F-11D3-BF4B-00C04F79EFBC}") = "Unity.ProBuilder.Stl", "Unity.ProBuilder.Stl.Player.csproj", "{CDB3066D-FCFD-1F23-829D-27E3370F953D}"
EndProject
Project("{FAE04EC0-301F-11D3-BF4B-00C04F79EFBC}") = "Unity.Subsystem.Registration", "Unity.Subsystem.Registration.Player.csproj", "{FA90AF00-539D-4D37-DE05-EB6EF9A73BDF}"
EndProject
Project("{FAE04EC0-301F-11D3-BF4B-00C04F79EFBC}") = "UnityEngine.SpatialTracking", "UnityEngine.SpatialTracking.Player.csproj", "{F901F89E-E018-6B3F-49DF-E8A70627D8F4}"
EndProject
Global
	GlobalSection(SolutionConfigurationPlatforms) = preSolution
		Debug|Any CPU = Debug|Any CPU
		Release|Any CPU = Release|Any CPU
	EndGlobalSection
	GlobalSection(ProjectConfigurationPlatforms) = postSolution
		{AD27C817-75B8-7644-ED95-EAA0891039E7}.Debug|Any CPU.ActiveCfg = Debug|Any CPU
		{AD27C817-75B8-7644-ED95-EAA0891039E7}.Debug|Any CPU.Build.0 = Debug|Any CPU
		{AD27C817-75B8-7644-ED95-EAA0891039E7}.Release|Any CPU.ActiveCfg = Release|Any CPU
		{AD27C817-75B8-7644-ED95-EAA0891039E7}.Release|Any CPU.Build.0 = Release|Any CPU
		{EC12C4AB-FDE5-C985-B660-26DCD337644C}.Debug|Any CPU.ActiveCfg = Debug|Any CPU
		{EC12C4AB-FDE5-C985-B660-26DCD337644C}.Debug|Any CPU.Build.0 = Debug|Any CPU
		{EC12C4AB-FDE5-C985-B660-26DCD337644C}.Release|Any CPU.ActiveCfg = Release|Any CPU
		{EC12C4AB-FDE5-C985-B660-26DCD337644C}.Release|Any CPU.Build.0 = Release|Any CPU
		{F091D86D-0085-EB48-9896-3736C6402A3D}.Debug|Any CPU.ActiveCfg = Debug|Any CPU
		{F091D86D-0085-EB48-9896-3736C6402A3D}.Debug|Any CPU.Build.0 = Debug|Any CPU
		{F091D86D-0085-EB48-9896-3736C6402A3D}.Release|Any CPU.ActiveCfg = Release|Any CPU
		{F091D86D-0085-EB48-9896-3736C6402A3D}.Release|Any CPU.Build.0 = Release|Any CPU
		{4EE6525E-A416-14EB-557D-031D8D3A7A9D}.Debug|Any CPU.ActiveCfg = Debug|Any CPU
		{4EE6525E-A416-14EB-557D-031D8D3A7A9D}.Debug|Any CPU.Build.0 = Debug|Any CPU
		{4EE6525E-A416-14EB-557D-031D8D3A7A9D}.Release|Any CPU.ActiveCfg = Release|Any CPU
		{4EE6525E-A416-14EB-557D-031D8D3A7A9D}.Release|Any CPU.Build.0 = Release|Any CPU
		{2EBA27E6-0EAC-35CF-1DE5-967792782555}.Debug|Any CPU.ActiveCfg = Debug|Any CPU
		{2EBA27E6-0EAC-35CF-1DE5-967792782555}.Debug|Any CPU.Build.0 = Debug|Any CPU
		{2EBA27E6-0EAC-35CF-1DE5-967792782555}.Release|Any CPU.ActiveCfg = Release|Any CPU
		{2EBA27E6-0EAC-35CF-1DE5-967792782555}.Release|Any CPU.Build.0 = Release|Any CPU
		{6098923A-6325-7628-7E09-69BCD29A3B5E}.Debug|Any CPU.ActiveCfg = Debug|Any CPU
		{6098923A-6325-7628-7E09-69BCD29A3B5E}.Debug|Any CPU.Build.0 = Debug|Any CPU
		{6098923A-6325-7628-7E09-69BCD29A3B5E}.Release|Any CPU.ActiveCfg = Release|Any CPU
		{6098923A-6325-7628-7E09-69BCD29A3B5E}.Release|Any CPU.Build.0 = Release|Any CPU
		{F66F52E7-8C08-D03D-0FAC-C0812974C817}.Debug|Any CPU.ActiveCfg = Debug|Any CPU
		{F66F52E7-8C08-D03D-0FAC-C0812974C817}.Debug|Any CPU.Build.0 = Debug|Any CPU
		{F66F52E7-8C08-D03D-0FAC-C0812974C817}.Release|Any CPU.ActiveCfg = Release|Any CPU
		{F66F52E7-8C08-D03D-0FAC-C0812974C817}.Release|Any CPU.Build.0 = Release|Any CPU
		{3D9E5E8B-3AF8-CEF6-D47E-EBFF3CF21F9E}.Debug|Any CPU.ActiveCfg = Debug|Any CPU
		{3D9E5E8B-3AF8-CEF6-D47E-EBFF3CF21F9E}.Debug|Any CPU.Build.0 = Debug|Any CPU
		{3D9E5E8B-3AF8-CEF6-D47E-EBFF3CF21F9E}.Release|Any CPU.ActiveCfg = Release|Any CPU
		{3D9E5E8B-3AF8-CEF6-D47E-EBFF3CF21F9E}.Release|Any CPU.Build.0 = Release|Any CPU
		{3F2FC401-52D7-6D5B-0180-544E44EF6D7B}.Debug|Any CPU.ActiveCfg = Debug|Any CPU
		{3F2FC401-52D7-6D5B-0180-544E44EF6D7B}.Debug|Any CPU.Build.0 = Debug|Any CPU
		{3F2FC401-52D7-6D5B-0180-544E44EF6D7B}.Release|Any CPU.ActiveCfg = Release|Any CPU
		{3F2FC401-52D7-6D5B-0180-544E44EF6D7B}.Release|Any CPU.Build.0 = Release|Any CPU
		{25766188-D7E7-2668-7DD9-F27A930CFBE3}.Debug|Any CPU.ActiveCfg = Debug|Any CPU
		{25766188-D7E7-2668-7DD9-F27A930CFBE3}.Debug|Any CPU.Build.0 = Debug|Any CPU
		{25766188-D7E7-2668-7DD9-F27A930CFBE3}.Release|Any CPU.ActiveCfg = Release|Any CPU
		{25766188-D7E7-2668-7DD9-F27A930CFBE3}.Release|Any CPU.Build.0 = Release|Any CPU
		{025EFB26-EF2A-4E89-7A2B-5D4CC8860B86}.Debug|Any CPU.ActiveCfg = Debug|Any CPU
		{025EFB26-EF2A-4E89-7A2B-5D4CC8860B86}.Debug|Any CPU.Build.0 = Debug|Any CPU
		{025EFB26-EF2A-4E89-7A2B-5D4CC8860B86}.Release|Any CPU.ActiveCfg = Release|Any CPU
		{025EFB26-EF2A-4E89-7A2B-5D4CC8860B86}.Release|Any CPU.Build.0 = Release|Any CPU
		{641BE4FB-4E55-0729-73C7-6C7086423B8D}.Debug|Any CPU.ActiveCfg = Debug|Any CPU
		{641BE4FB-4E55-0729-73C7-6C7086423B8D}.Debug|Any CPU.Build.0 = Debug|Any CPU
		{641BE4FB-4E55-0729-73C7-6C7086423B8D}.Release|Any CPU.ActiveCfg = Release|Any CPU
		{641BE4FB-4E55-0729-73C7-6C7086423B8D}.Release|Any CPU.Build.0 = Release|Any CPU
		{66AE97C1-8159-5548-25B8-EB80F2D3C8D4}.Debug|Any CPU.ActiveCfg = Debug|Any CPU
		{66AE97C1-8159-5548-25B8-EB80F2D3C8D4}.Debug|Any CPU.Build.0 = Debug|Any CPU
		{66AE97C1-8159-5548-25B8-EB80F2D3C8D4}.Release|Any CPU.ActiveCfg = Release|Any CPU
		{66AE97C1-8159-5548-25B8-EB80F2D3C8D4}.Release|Any CPU.Build.0 = Release|Any CPU
		{EC9D88E0-F3C7-5FDC-BE39-77AB7405426E}.Debug|Any CPU.ActiveCfg = Debug|Any CPU
		{EC9D88E0-F3C7-5FDC-BE39-77AB7405426E}.Debug|Any CPU.Build.0 = Debug|Any CPU
		{EC9D88E0-F3C7-5FDC-BE39-77AB7405426E}.Release|Any CPU.ActiveCfg = Release|Any CPU
		{EC9D88E0-F3C7-5FDC-BE39-77AB7405426E}.Release|Any CPU.Build.0 = Release|Any CPU
		{8F4A5BA8-E1DF-2361-8E70-4926F5F9F72C}.Debug|Any CPU.ActiveCfg = Debug|Any CPU
		{8F4A5BA8-E1DF-2361-8E70-4926F5F9F72C}.Debug|Any CPU.Build.0 = Debug|Any CPU
		{8F4A5BA8-E1DF-2361-8E70-4926F5F9F72C}.Release|Any CPU.ActiveCfg = Release|Any CPU
		{8F4A5BA8-E1DF-2361-8E70-4926F5F9F72C}.Release|Any CPU.Build.0 = Release|Any CPU
		{B7356D2C-8B88-CEA0-CCCF-1F9E49F20417}.Debug|Any CPU.ActiveCfg = Debug|Any CPU
		{B7356D2C-8B88-CEA0-CCCF-1F9E49F20417}.Debug|Any CPU.Build.0 = Debug|Any CPU
		{B7356D2C-8B88-CEA0-CCCF-1F9E49F20417}.Release|Any CPU.ActiveCfg = Release|Any CPU
		{B7356D2C-8B88-CEA0-CCCF-1F9E49F20417}.Release|Any CPU.Build.0 = Release|Any CPU
		{18412912-6339-EEB0-5552-A4D2737CADE0}.Debug|Any CPU.ActiveCfg = Debug|Any CPU
		{18412912-6339-EEB0-5552-A4D2737CADE0}.Debug|Any CPU.Build.0 = Debug|Any CPU
		{18412912-6339-EEB0-5552-A4D2737CADE0}.Release|Any CPU.ActiveCfg = Release|Any CPU
		{18412912-6339-EEB0-5552-A4D2737CADE0}.Release|Any CPU.Build.0 = Release|Any CPU
		{DED84A3B-359F-E147-3F9D-52ABA6B08F61}.Debug|Any CPU.ActiveCfg = Debug|Any CPU
		{DED84A3B-359F-E147-3F9D-52ABA6B08F61}.Debug|Any CPU.Build.0 = Debug|Any CPU
		{DED84A3B-359F-E147-3F9D-52ABA6B08F61}.Release|Any CPU.ActiveCfg = Release|Any CPU
		{DED84A3B-359F-E147-3F9D-52ABA6B08F61}.Release|Any CPU.Build.0 = Release|Any CPU
		{2EAD09D6-19D8-43DF-20F4-6EA8A741146B}.Debug|Any CPU.ActiveCfg = Debug|Any CPU
		{2EAD09D6-19D8-43DF-20F4-6EA8A741146B}.Debug|Any CPU.Build.0 = Debug|Any CPU
		{2EAD09D6-19D8-43DF-20F4-6EA8A741146B}.Release|Any CPU.ActiveCfg = Release|Any CPU
		{2EAD09D6-19D8-43DF-20F4-6EA8A741146B}.Release|Any CPU.Build.0 = Release|Any CPU
		{FCE7FACA-8DAF-2DF1-C2DB-9C6E7B93A76E}.Debug|Any CPU.ActiveCfg = Debug|Any CPU
		{FCE7FACA-8DAF-2DF1-C2DB-9C6E7B93A76E}.Debug|Any CPU.Build.0 = Debug|Any CPU
		{FCE7FACA-8DAF-2DF1-C2DB-9C6E7B93A76E}.Release|Any CPU.ActiveCfg = Release|Any CPU
		{FCE7FACA-8DAF-2DF1-C2DB-9C6E7B93A76E}.Release|Any CPU.Build.0 = Release|Any CPU
		{CEB99CE5-0650-3F02-B23D-76296F967BF1}.Debug|Any CPU.ActiveCfg = Debug|Any CPU
		{CEB99CE5-0650-3F02-B23D-76296F967BF1}.Debug|Any CPU.Build.0 = Debug|Any CPU
		{CEB99CE5-0650-3F02-B23D-76296F967BF1}.Release|Any CPU.ActiveCfg = Release|Any CPU
		{CEB99CE5-0650-3F02-B23D-76296F967BF1}.Release|Any CPU.Build.0 = Release|Any CPU
		{5CBD6065-C7FF-C10F-6755-83BD84AB7897}.Debug|Any CPU.ActiveCfg = Debug|Any CPU
		{5CBD6065-C7FF-C10F-6755-83BD84AB7897}.Debug|Any CPU.Build.0 = Debug|Any CPU
		{5CBD6065-C7FF-C10F-6755-83BD84AB7897}.Release|Any CPU.ActiveCfg = Release|Any CPU
		{5CBD6065-C7FF-C10F-6755-83BD84AB7897}.Release|Any CPU.Build.0 = Release|Any CPU
		{F472D0D0-969E-8B3A-19F5-3F0AD8F5FDD7}.Debug|Any CPU.ActiveCfg = Debug|Any CPU
		{F472D0D0-969E-8B3A-19F5-3F0AD8F5FDD7}.Debug|Any CPU.Build.0 = Debug|Any CPU
		{F472D0D0-969E-8B3A-19F5-3F0AD8F5FDD7}.Release|Any CPU.ActiveCfg = Release|Any CPU
		{F472D0D0-969E-8B3A-19F5-3F0AD8F5FDD7}.Release|Any CPU.Build.0 = Release|Any CPU
		{6F032022-03CA-A2D8-0890-DD8C7A85069E}.Debug|Any CPU.ActiveCfg = Debug|Any CPU
		{6F032022-03CA-A2D8-0890-DD8C7A85069E}.Debug|Any CPU.Build.0 = Debug|Any CPU
		{6F032022-03CA-A2D8-0890-DD8C7A85069E}.Release|Any CPU.ActiveCfg = Release|Any CPU
		{6F032022-03CA-A2D8-0890-DD8C7A85069E}.Release|Any CPU.Build.0 = Release|Any CPU
		{3A8479AE-DB00-5D08-14CF-5B589B0CB17F}.Debug|Any CPU.ActiveCfg = Debug|Any CPU
		{3A8479AE-DB00-5D08-14CF-5B589B0CB17F}.Debug|Any CPU.Build.0 = Debug|Any CPU
		{3A8479AE-DB00-5D08-14CF-5B589B0CB17F}.Release|Any CPU.ActiveCfg = Release|Any CPU
		{3A8479AE-DB00-5D08-14CF-5B589B0CB17F}.Release|Any CPU.Build.0 = Release|Any CPU
		{A2E40E90-2D8C-582F-38BD-422B37B592FD}.Debug|Any CPU.ActiveCfg = Debug|Any CPU
		{A2E40E90-2D8C-582F-38BD-422B37B592FD}.Debug|Any CPU.Build.0 = Debug|Any CPU
		{A2E40E90-2D8C-582F-38BD-422B37B592FD}.Release|Any CPU.ActiveCfg = Release|Any CPU
		{A2E40E90-2D8C-582F-38BD-422B37B592FD}.Release|Any CPU.Build.0 = Release|Any CPU
		{7B159EE1-3010-1102-8CC5-00CB1BB903B2}.Debug|Any CPU.ActiveCfg = Debug|Any CPU
		{7B159EE1-3010-1102-8CC5-00CB1BB903B2}.Debug|Any CPU.Build.0 = Debug|Any CPU
		{7B159EE1-3010-1102-8CC5-00CB1BB903B2}.Release|Any CPU.ActiveCfg = Release|Any CPU
		{7B159EE1-3010-1102-8CC5-00CB1BB903B2}.Release|Any CPU.Build.0 = Release|Any CPU
		{335DF2F0-C7A0-D018-6AB0-DD54AC19250F}.Debug|Any CPU.ActiveCfg = Debug|Any CPU
		{335DF2F0-C7A0-D018-6AB0-DD54AC19250F}.Debug|Any CPU.Build.0 = Debug|Any CPU
		{335DF2F0-C7A0-D018-6AB0-DD54AC19250F}.Release|Any CPU.ActiveCfg = Release|Any CPU
		{335DF2F0-C7A0-D018-6AB0-DD54AC19250F}.Release|Any CPU.Build.0 = Release|Any CPU
		{BD3502EE-D20B-1026-64AE-5ED65B947154}.Debug|Any CPU.ActiveCfg = Debug|Any CPU
		{BD3502EE-D20B-1026-64AE-5ED65B947154}.Debug|Any CPU.Build.0 = Debug|Any CPU
		{BD3502EE-D20B-1026-64AE-5ED65B947154}.Release|Any CPU.ActiveCfg = Release|Any CPU
		{BD3502EE-D20B-1026-64AE-5ED65B947154}.Release|Any CPU.Build.0 = Release|Any CPU
		{557931ED-21E6-116C-D59F-4977455574D6}.Debug|Any CPU.ActiveCfg = Debug|Any CPU
		{557931ED-21E6-116C-D59F-4977455574D6}.Debug|Any CPU.Build.0 = Debug|Any CPU
		{557931ED-21E6-116C-D59F-4977455574D6}.Release|Any CPU.ActiveCfg = Release|Any CPU
		{557931ED-21E6-116C-D59F-4977455574D6}.Release|Any CPU.Build.0 = Release|Any CPU
		{D5F7233C-38C6-97DE-F0E5-EEF474B981C5}.Debug|Any CPU.ActiveCfg = Debug|Any CPU
		{D5F7233C-38C6-97DE-F0E5-EEF474B981C5}.Debug|Any CPU.Build.0 = Debug|Any CPU
		{D5F7233C-38C6-97DE-F0E5-EEF474B981C5}.Release|Any CPU.ActiveCfg = Release|Any CPU
		{D5F7233C-38C6-97DE-F0E5-EEF474B981C5}.Release|Any CPU.Build.0 = Release|Any CPU
		{F3C150A1-66D2-CB3F-ADA8-45FCF5EE1059}.Debug|Any CPU.ActiveCfg = Debug|Any CPU
		{F3C150A1-66D2-CB3F-ADA8-45FCF5EE1059}.Debug|Any CPU.Build.0 = Debug|Any CPU
		{F3C150A1-66D2-CB3F-ADA8-45FCF5EE1059}.Release|Any CPU.ActiveCfg = Release|Any CPU
		{F3C150A1-66D2-CB3F-ADA8-45FCF5EE1059}.Release|Any CPU.Build.0 = Release|Any CPU
		{7820B588-F696-FEBE-999C-D28C19FF5A06}.Debug|Any CPU.ActiveCfg = Debug|Any CPU
		{7820B588-F696-FEBE-999C-D28C19FF5A06}.Debug|Any CPU.Build.0 = Debug|Any CPU
		{7820B588-F696-FEBE-999C-D28C19FF5A06}.Release|Any CPU.ActiveCfg = Release|Any CPU
		{7820B588-F696-FEBE-999C-D28C19FF5A06}.Release|Any CPU.Build.0 = Release|Any CPU
		{B6619849-7260-FB35-370F-C78D485FD079}.Debug|Any CPU.ActiveCfg = Debug|Any CPU
		{B6619849-7260-FB35-370F-C78D485FD079}.Debug|Any CPU.Build.0 = Debug|Any CPU
		{B6619849-7260-FB35-370F-C78D485FD079}.Release|Any CPU.ActiveCfg = Release|Any CPU
		{B6619849-7260-FB35-370F-C78D485FD079}.Release|Any CPU.Build.0 = Release|Any CPU
		{A820A830-CBA5-10AD-AFDA-CD04E25FEFBA}.Debug|Any CPU.ActiveCfg = Debug|Any CPU
		{A820A830-CBA5-10AD-AFDA-CD04E25FEFBA}.Debug|Any CPU.Build.0 = Debug|Any CPU
		{A820A830-CBA5-10AD-AFDA-CD04E25FEFBA}.Release|Any CPU.ActiveCfg = Release|Any CPU
		{A820A830-CBA5-10AD-AFDA-CD04E25FEFBA}.Release|Any CPU.Build.0 = Release|Any CPU
		{8A73B696-C13B-71BF-B1CF-9C0E85CC7107}.Debug|Any CPU.ActiveCfg = Debug|Any CPU
		{8A73B696-C13B-71BF-B1CF-9C0E85CC7107}.Debug|Any CPU.Build.0 = Debug|Any CPU
		{8A73B696-C13B-71BF-B1CF-9C0E85CC7107}.Release|Any CPU.ActiveCfg = Release|Any CPU
		{8A73B696-C13B-71BF-B1CF-9C0E85CC7107}.Release|Any CPU.Build.0 = Release|Any CPU
		{526DACAE-577A-76C1-DF43-14005DA80B59}.Debug|Any CPU.ActiveCfg = Debug|Any CPU
		{526DACAE-577A-76C1-DF43-14005DA80B59}.Debug|Any CPU.Build.0 = Debug|Any CPU
		{526DACAE-577A-76C1-DF43-14005DA80B59}.Release|Any CPU.ActiveCfg = Release|Any CPU
		{526DACAE-577A-76C1-DF43-14005DA80B59}.Release|Any CPU.Build.0 = Release|Any CPU
		{1497FACF-03BB-9662-E1F9-3A73019DAE55}.Debug|Any CPU.ActiveCfg = Debug|Any CPU
		{1497FACF-03BB-9662-E1F9-3A73019DAE55}.Debug|Any CPU.Build.0 = Debug|Any CPU
		{1497FACF-03BB-9662-E1F9-3A73019DAE55}.Release|Any CPU.ActiveCfg = Release|Any CPU
		{1497FACF-03BB-9662-E1F9-3A73019DAE55}.Release|Any CPU.Build.0 = Release|Any CPU
		{5842A4C9-DB36-2A4E-09F5-6B530807837B}.Debug|Any CPU.ActiveCfg = Debug|Any CPU
		{5842A4C9-DB36-2A4E-09F5-6B530807837B}.Debug|Any CPU.Build.0 = Debug|Any CPU
		{5842A4C9-DB36-2A4E-09F5-6B530807837B}.Release|Any CPU.ActiveCfg = Release|Any CPU
		{5842A4C9-DB36-2A4E-09F5-6B530807837B}.Release|Any CPU.Build.0 = Release|Any CPU
		{2A8E5586-CA92-D5F7-0AC7-30E045926776}.Debug|Any CPU.ActiveCfg = Debug|Any CPU
		{2A8E5586-CA92-D5F7-0AC7-30E045926776}.Debug|Any CPU.Build.0 = Debug|Any CPU
		{2A8E5586-CA92-D5F7-0AC7-30E045926776}.Release|Any CPU.ActiveCfg = Release|Any CPU
		{2A8E5586-CA92-D5F7-0AC7-30E045926776}.Release|Any CPU.Build.0 = Release|Any CPU
		{93E0D3A4-5E6A-9E88-0167-4D5998AB490D}.Debug|Any CPU.ActiveCfg = Debug|Any CPU
		{93E0D3A4-5E6A-9E88-0167-4D5998AB490D}.Debug|Any CPU.Build.0 = Debug|Any CPU
		{93E0D3A4-5E6A-9E88-0167-4D5998AB490D}.Release|Any CPU.ActiveCfg = Release|Any CPU
		{93E0D3A4-5E6A-9E88-0167-4D5998AB490D}.Release|Any CPU.Build.0 = Release|Any CPU
		{AE38A4FA-0898-8F73-6D65-B4A9D0BDA3C7}.Debug|Any CPU.ActiveCfg = Debug|Any CPU
		{AE38A4FA-0898-8F73-6D65-B4A9D0BDA3C7}.Debug|Any CPU.Build.0 = Debug|Any CPU
		{AE38A4FA-0898-8F73-6D65-B4A9D0BDA3C7}.Release|Any CPU.ActiveCfg = Release|Any CPU
		{AE38A4FA-0898-8F73-6D65-B4A9D0BDA3C7}.Release|Any CPU.Build.0 = Release|Any CPU
		{24DD3652-2773-1F81-ECCA-93E98F78C729}.Debug|Any CPU.ActiveCfg = Debug|Any CPU
		{24DD3652-2773-1F81-ECCA-93E98F78C729}.Debug|Any CPU.Build.0 = Debug|Any CPU
		{24DD3652-2773-1F81-ECCA-93E98F78C729}.Release|Any CPU.ActiveCfg = Release|Any CPU
		{24DD3652-2773-1F81-ECCA-93E98F78C729}.Release|Any CPU.Build.0 = Release|Any CPU
		{84761D47-C771-9286-DB7E-4AB11243E9C2}.Debug|Any CPU.ActiveCfg = Debug|Any CPU
		{84761D47-C771-9286-DB7E-4AB11243E9C2}.Debug|Any CPU.Build.0 = Debug|Any CPU
		{84761D47-C771-9286-DB7E-4AB11243E9C2}.Release|Any CPU.ActiveCfg = Release|Any CPU
		{84761D47-C771-9286-DB7E-4AB11243E9C2}.Release|Any CPU.Build.0 = Release|Any CPU
		{E1719844-0160-9D9A-AF27-7903D877ACE2}.Debug|Any CPU.ActiveCfg = Debug|Any CPU
		{E1719844-0160-9D9A-AF27-7903D877ACE2}.Debug|Any CPU.Build.0 = Debug|Any CPU
		{E1719844-0160-9D9A-AF27-7903D877ACE2}.Release|Any CPU.ActiveCfg = Release|Any CPU
		{E1719844-0160-9D9A-AF27-7903D877ACE2}.Release|Any CPU.Build.0 = Release|Any CPU
		{F5DB1CBB-60E4-CDF0-6D53-318A5B69F7C5}.Debug|Any CPU.ActiveCfg = Debug|Any CPU
		{F5DB1CBB-60E4-CDF0-6D53-318A5B69F7C5}.Debug|Any CPU.Build.0 = Debug|Any CPU
		{F5DB1CBB-60E4-CDF0-6D53-318A5B69F7C5}.Release|Any CPU.ActiveCfg = Release|Any CPU
		{F5DB1CBB-60E4-CDF0-6D53-318A5B69F7C5}.Release|Any CPU.Build.0 = Release|Any CPU
		{4DEC92A0-F25D-DDCA-215D-7A31FB61D0B0}.Debug|Any CPU.ActiveCfg = Debug|Any CPU
		{4DEC92A0-F25D-DDCA-215D-7A31FB61D0B0}.Debug|Any CPU.Build.0 = Debug|Any CPU
		{4DEC92A0-F25D-DDCA-215D-7A31FB61D0B0}.Release|Any CPU.ActiveCfg = Release|Any CPU
		{4DEC92A0-F25D-DDCA-215D-7A31FB61D0B0}.Release|Any CPU.Build.0 = Release|Any CPU
		{B22CB648-F728-5B16-83D8-9E68C908B940}.Debug|Any CPU.ActiveCfg = Debug|Any CPU
		{B22CB648-F728-5B16-83D8-9E68C908B940}.Debug|Any CPU.Build.0 = Debug|Any CPU
		{B22CB648-F728-5B16-83D8-9E68C908B940}.Release|Any CPU.ActiveCfg = Release|Any CPU
		{B22CB648-F728-5B16-83D8-9E68C908B940}.Release|Any CPU.Build.0 = Release|Any CPU
		{88A23BC2-40DF-0364-2E44-D50E53F116DC}.Debug|Any CPU.ActiveCfg = Debug|Any CPU
		{88A23BC2-40DF-0364-2E44-D50E53F116DC}.Debug|Any CPU.Build.0 = Debug|Any CPU
		{88A23BC2-40DF-0364-2E44-D50E53F116DC}.Release|Any CPU.ActiveCfg = Release|Any CPU
		{88A23BC2-40DF-0364-2E44-D50E53F116DC}.Release|Any CPU.Build.0 = Release|Any CPU
		{27C2B192-3CBB-BBD3-303F-8685C6E6AFD2}.Debug|Any CPU.ActiveCfg = Debug|Any CPU
		{27C2B192-3CBB-BBD3-303F-8685C6E6AFD2}.Debug|Any CPU.Build.0 = Debug|Any CPU
		{27C2B192-3CBB-BBD3-303F-8685C6E6AFD2}.Release|Any CPU.ActiveCfg = Release|Any CPU
		{27C2B192-3CBB-BBD3-303F-8685C6E6AFD2}.Release|Any CPU.Build.0 = Release|Any CPU
		{A86AEEB5-33F8-2A73-5844-706C3FEE7502}.Debug|Any CPU.ActiveCfg = Debug|Any CPU
		{A86AEEB5-33F8-2A73-5844-706C3FEE7502}.Debug|Any CPU.Build.0 = Debug|Any CPU
		{A86AEEB5-33F8-2A73-5844-706C3FEE7502}.Release|Any CPU.ActiveCfg = Release|Any CPU
		{A86AEEB5-33F8-2A73-5844-706C3FEE7502}.Release|Any CPU.Build.0 = Release|Any CPU
		{9ECA918C-91F5-D320-86E3-7EBAD103F894}.Debug|Any CPU.ActiveCfg = Debug|Any CPU
		{9ECA918C-91F5-D320-86E3-7EBAD103F894}.Debug|Any CPU.Build.0 = Debug|Any CPU
		{9ECA918C-91F5-D320-86E3-7EBAD103F894}.Release|Any CPU.ActiveCfg = Release|Any CPU
		{9ECA918C-91F5-D320-86E3-7EBAD103F894}.Release|Any CPU.Build.0 = Release|Any CPU
		{24486FC1-8731-DFDF-7F4C-52F2F74B1227}.Debug|Any CPU.ActiveCfg = Debug|Any CPU
		{24486FC1-8731-DFDF-7F4C-52F2F74B1227}.Debug|Any CPU.Build.0 = Debug|Any CPU
		{24486FC1-8731-DFDF-7F4C-52F2F74B1227}.Release|Any CPU.ActiveCfg = Release|Any CPU
		{24486FC1-8731-DFDF-7F4C-52F2F74B1227}.Release|Any CPU.Build.0 = Release|Any CPU
		{B0942634-786B-FF45-F717-4A7B86AD0FE4}.Debug|Any CPU.ActiveCfg = Debug|Any CPU
		{B0942634-786B-FF45-F717-4A7B86AD0FE4}.Debug|Any CPU.Build.0 = Debug|Any CPU
		{B0942634-786B-FF45-F717-4A7B86AD0FE4}.Release|Any CPU.ActiveCfg = Release|Any CPU
		{B0942634-786B-FF45-F717-4A7B86AD0FE4}.Release|Any CPU.Build.0 = Release|Any CPU
		{66C480E1-2F31-4373-117D-2BF73D8CB5C2}.Debug|Any CPU.ActiveCfg = Debug|Any CPU
		{66C480E1-2F31-4373-117D-2BF73D8CB5C2}.Debug|Any CPU.Build.0 = Debug|Any CPU
		{66C480E1-2F31-4373-117D-2BF73D8CB5C2}.Release|Any CPU.ActiveCfg = Release|Any CPU
		{66C480E1-2F31-4373-117D-2BF73D8CB5C2}.Release|Any CPU.Build.0 = Release|Any CPU
		{9A5A8816-E293-7462-68D1-10C405F4307E}.Debug|Any CPU.ActiveCfg = Debug|Any CPU
		{9A5A8816-E293-7462-68D1-10C405F4307E}.Debug|Any CPU.Build.0 = Debug|Any CPU
		{9A5A8816-E293-7462-68D1-10C405F4307E}.Release|Any CPU.ActiveCfg = Release|Any CPU
		{9A5A8816-E293-7462-68D1-10C405F4307E}.Release|Any CPU.Build.0 = Release|Any CPU
		{C2126370-6D9F-4F3E-6A52-8FEF64342B4C}.Debug|Any CPU.ActiveCfg = Debug|Any CPU
		{C2126370-6D9F-4F3E-6A52-8FEF64342B4C}.Debug|Any CPU.Build.0 = Debug|Any CPU
		{C2126370-6D9F-4F3E-6A52-8FEF64342B4C}.Release|Any CPU.ActiveCfg = Release|Any CPU
		{C2126370-6D9F-4F3E-6A52-8FEF64342B4C}.Release|Any CPU.Build.0 = Release|Any CPU
		{99C86D29-E08C-5C84-0DF8-3C36EE1E937E}.Debug|Any CPU.ActiveCfg = Debug|Any CPU
		{99C86D29-E08C-5C84-0DF8-3C36EE1E937E}.Debug|Any CPU.Build.0 = Debug|Any CPU
		{99C86D29-E08C-5C84-0DF8-3C36EE1E937E}.Release|Any CPU.ActiveCfg = Release|Any CPU
		{99C86D29-E08C-5C84-0DF8-3C36EE1E937E}.Release|Any CPU.Build.0 = Release|Any CPU
		{CDB3066D-FCFD-1F23-829D-27E3370F953D}.Debug|Any CPU.ActiveCfg = Debug|Any CPU
		{CDB3066D-FCFD-1F23-829D-27E3370F953D}.Debug|Any CPU.Build.0 = Debug|Any CPU
		{CDB3066D-FCFD-1F23-829D-27E3370F953D}.Release|Any CPU.ActiveCfg = Release|Any CPU
		{CDB3066D-FCFD-1F23-829D-27E3370F953D}.Release|Any CPU.Build.0 = Release|Any CPU
		{FA90AF00-539D-4D37-DE05-EB6EF9A73BDF}.Debug|Any CPU.ActiveCfg = Debug|Any CPU
		{FA90AF00-539D-4D37-DE05-EB6EF9A73BDF}.Debug|Any CPU.Build.0 = Debug|Any CPU
		{FA90AF00-539D-4D37-DE05-EB6EF9A73BDF}.Release|Any CPU.ActiveCfg = Release|Any CPU
		{FA90AF00-539D-4D37-DE05-EB6EF9A73BDF}.Release|Any CPU.Build.0 = Release|Any CPU
		{F901F89E-E018-6B3F-49DF-E8A70627D8F4}.Debug|Any CPU.ActiveCfg = Debug|Any CPU
		{F901F89E-E018-6B3F-49DF-E8A70627D8F4}.Debug|Any CPU.Build.0 = Debug|Any CPU
		{F901F89E-E018-6B3F-49DF-E8A70627D8F4}.Release|Any CPU.ActiveCfg = Release|Any CPU
		{F901F89E-E018-6B3F-49DF-E8A70627D8F4}.Release|Any CPU.Build.0 = Release|Any CPU
	EndGlobalSection
	GlobalSection(SolutionProperties) = preSolution
		HideSolutionNode = FALSE
	EndGlobalSection
EndGlobal
